
Microsoft Visual Studio Solution File, Format Version 12.00
# Visual Studio Version 17
VisualStudioVersion = 17.6.33723.286
MinimumVisualStudioVersion = 10.0.40219.1
Project("{9A19103F-16F7-4668-BE54-9A1E7A4F7556}") = "Task1.CQRS_MediatR_Using_gRPC", "Task1.CQRS_MediatR_Using_gRPC\Task1.CQRS_MediatR_Using_gRPC.csproj", "{A8133984-473A-4E83-B738-59EFD398E437}"
EndProject
Project("{2150E333-8FDC-42A3-9474-1A3956D46DE8}") = "Test", "Test", "{ABCE3303-F7A0-45C3-9023-361A5E55D1BC}"
EndProject
Project("{2150E333-8FDC-42A3-9474-1A3956D46DE8}") = "UnitTests", "UnitTests", "{D6BC7D8F-673B-462E-8C9D-9F8801E032DB}"
EndProject
Project("{9A19103F-16F7-4668-BE54-9A1E7A4F7556}") = "Students.Command.Test", "Student.Command.Test\Students.Command.Test.csproj", "{A145B9A9-0176-47A5-A36D-23CDDB183F7B}"
EndProject
Project("{FAE04EC0-301F-11D3-BF4B-00C04F79EFBC}") = "Students.Command.Test.Live", "Students.Command.Test.Live\Students.Command.Test.Live.csproj", "{59E8774B-D70E-47E3-A317-75CE567639A9}"
EndProject
Global
	GlobalSection(SolutionConfigurationPlatforms) = preSolution
		Debug|Any CPU = Debug|Any CPU
		Release|Any CPU = Release|Any CPU
	EndGlobalSection
	GlobalSection(ProjectConfigurationPlatforms) = postSolution
		{A8133984-473A-4E83-B738-59EFD398E437}.Debug|Any CPU.ActiveCfg = Debug|Any CPU
		{A8133984-473A-4E83-B738-59EFD398E437}.Debug|Any CPU.Build.0 = Debug|Any CPU
		{A8133984-473A-4E83-B738-59EFD398E437}.Release|Any CPU.ActiveCfg = Release|Any CPU
		{A8133984-473A-4E83-B738-59EFD398E437}.Release|Any CPU.Build.0 = Release|Any CPU
		{A145B9A9-0176-47A5-A36D-23CDDB183F7B}.Debug|Any CPU.ActiveCfg = Debug|Any CPU
		{A145B9A9-0176-47A5-A36D-23CDDB183F7B}.Debug|Any CPU.Build.0 = Debug|Any CPU
		{A145B9A9-0176-47A5-A36D-23CDDB183F7B}.Release|Any CPU.ActiveCfg = Release|Any CPU
		{A145B9A9-0176-47A5-A36D-23CDDB183F7B}.Release|Any CPU.Build.0 = Release|Any CPU
		{59E8774B-D70E-47E3-A317-75CE567639A9}.Debug|Any CPU.ActiveCfg = Debug|Any CPU
		{59E8774B-D70E-47E3-A317-75CE567639A9}.Debug|Any CPU.Build.0 = Debug|Any CPU
		{59E8774B-D70E-47E3-A317-75CE567639A9}.Release|Any CPU.ActiveCfg = Release|Any CPU
		{59E8774B-D70E-47E3-A317-75CE567639A9}.Release|Any CPU.Build.0 = Release|Any CPU
	EndGlobalSection
	GlobalSection(SolutionProperties) = preSolution
		HideSolutionNode = FALSE
	EndGlobalSection
	GlobalSection(NestedProjects) = preSolution
		{D6BC7D8F-673B-462E-8C9D-9F8801E032DB} = {ABCE3303-F7A0-45C3-9023-361A5E55D1BC}
		{A145B9A9-0176-47A5-A36D-23CDDB183F7B} = {D6BC7D8F-673B-462E-8C9D-9F8801E032DB}
		{59E8774B-D70E-47E3-A317-75CE567639A9} = {D6BC7D8F-673B-462E-8C9D-9F8801E032DB}
	EndGlobalSection
	GlobalSection(ExtensibilityGlobals) = postSolution
		SolutionGuid = {346AD89B-1E73-415C-9375-B44C40C2EEFF}
	EndGlobalSection
EndGlobal
